
Microsoft Visual Studio Solution File, Format Version 12.00
# Visual Studio 2013
VisualStudioVersion = 12.0.21005.1
MinimumVisualStudioVersion = 10.0.40219.1
Project("{FAE04EC0-301F-11D3-BF4B-00C04F79EFBC}") = "PirmaUzduotis", "PirmaUzduotis\PirmaUzduotis.csproj", "{6349A415-3FEB-4D66-8709-A92C5A632988}"
EndProject
Project("{FAE04EC0-301F-11D3-BF4B-00C04F79EFBC}") = "AntraUzduotis", "AntraUzduotis\AntraUzduotis.csproj", "{36721228-1E71-4421-9961-B695BA4698F9}"
EndProject
Global
	GlobalSection(SolutionConfigurationPlatforms) = preSolution
		Debug|Any CPU = Debug|Any CPU
		Release|Any CPU = Release|Any CPU
	EndGlobalSection
	GlobalSection(ProjectConfigurationPlatforms) = postSolution
		{6349A415-3FEB-4D66-8709-A92C5A632988}.Debug|Any CPU.ActiveCfg = Debug|Any CPU
		{6349A415-3FEB-4D66-8709-A92C5A632988}.Debug|Any CPU.Build.0 = Debug|Any CPU
		{6349A415-3FEB-4D66-8709-A92C5A632988}.Release|Any CPU.ActiveCfg = Release|Any CPU
		{6349A415-3FEB-4D66-8709-A92C5A632988}.Release|Any CPU.Build.0 = Release|Any CPU
		{36721228-1E71-4421-9961-B695BA4698F9}.Debug|Any CPU.ActiveCfg = Debug|Any CPU
		{36721228-1E71-4421-9961-B695BA4698F9}.Debug|Any CPU.Build.0 = Debug|Any CPU
		{36721228-1E71-4421-9961-B695BA4698F9}.Release|Any CPU.ActiveCfg = Release|Any CPU
		{36721228-1E71-4421-9961-B695BA4698F9}.Release|Any CPU.Build.0 = Release|Any CPU
	EndGlobalSection
	GlobalSection(SolutionProperties) = preSolution
		HideSolutionNode = FALSE
	EndGlobalSection
EndGlobal
